Microsoft Visual Studio Solution File, Format Version 12.00
# Visual Studio Version 17
VisualStudioVersion = 17.5.2.0
MinimumVisualStudioVersion = 10.0.40219.1
#Project("{FAE04EC0-301F-11D3-BF4B-00C04F79EFBC}") = "minimal-api", "minimal-api.csproj", "{4DA376C4-2915-E111-8109-D5D194E3BCD9}"
Project("{FAE04EC0-301F-11D3-BF4B-00C04F79EFBC}") = "minimal-api", "Api\minimal-api.csproj", "{7653525B-F0D9-46CE-83F5-6B1D91E60B43}"
EndProject
Project("{FAE04EC0-301F-11D3-BF4B-00C04F79EFBC}") = "Test", "Test\Test.csproj", "{77C7481E-1AB7-4E2E-8BE6-08A59A8C52BA}"
EndProject
Global
	GlobalSection(SolutionConfigurationPlatforms) = preSolution
		Debug|Any CPU = Debug|Any CPU
		Release|Any CPU = Release|Any CPU
	EndGlobalSection
	GlobalSection(ProjectConfigurationPlatforms) = postSolution
		{4DA376C4-2915-E111-8109-D5D194E3BCD9}.Debug|Any CPU.ActiveCfg = Debug|Any CPU
		{4DA376C4-2915-E111-8109-D5D194E3BCD9}.Debug|Any CPU.Build.0 = Debug|Any CPU
		{4DA376C4-2915-E111-8109-D5D194E3BCD9}.Release|Any CPU.ActiveCfg = Release|Any CPU
		{4DA376C4-2915-E111-8109-D5D194E3BCD9}.Release|Any CPU.Build.0 = Release|Any CPU
		{7653525B-F0D9-46CE-83F5-6B1D91E60B43}.Debug|Any CPU.ActiveCfg = Debug|Any CPU
		{7653525B-F0D9-46CE-83F5-6B1D91E60B43}.Debug|Any CPU.Build.0 = Debug|Any CPU
		{7653525B-F0D9-46CE-83F5-6B1D91E60B43}.Release|Any CPU.ActiveCfg = Release|Any CPU
		{7653525B-F0D9-46CE-83F5-6B1D91E60B43}.Release|Any CPU.Build.0 = Release|Any CPU
		{77C7481E-1AB7-4E2E-8BE6-08A59A8C52BA}.Debug|Any CPU.ActiveCfg = Debug|Any CPU
		{77C7481E-1AB7-4E2E-8BE6-08A59A8C52BA}.Debug|Any CPU.Build.0 = Debug|Any CPU
		{77C7481E-1AB7-4E2E-8BE6-08A59A8C52BA}.Release|Any CPU.ActiveCfg = Release|Any CPU
		{77C7481E-1AB7-4E2E-8BE6-08A59A8C52BA}.Release|Any CPU.Build.0 = Release|Any CPU
	EndGlobalSection
	GlobalSection(SolutionProperties) = preSolution
		HideSolutionNode = FALSE
	EndGlobalSection
	GlobalSection(ExtensibilityGlobals) = postSolution
		SolutionGuid = {1CAFAFCB-E25D-4082-BCDD-F76394CED9D3}
	EndGlobalSection
EndGlobal
